
Microsoft Visual Studio Solution File, Format Version 12.00
# Visual Studio 14
VisualStudioVersion = 14.0.23107.0
MinimumVisualStudioVersion = 10.0.40219.1
Project("{FAE04EC0-301F-11D3-BF4B-00C04F79EFBC}") = "TradeCST", "TradeCST\TradeCST.csproj", "{8AFA6D53-4378-44C4-ACB2-56399F2098C8}"
EndProject
Project("{FAE04EC0-301F-11D3-BF4B-00C04F79EFBC}") = "TradeCSTDataModel", "TradeCSTDataModel\TradeCSTDataModel.csproj", "{7E8167EA-254D-4D95-B7E8-53AE98FC9CB3}"
EndProject
Project("{FAE04EC0-301F-11D3-BF4B-00C04F79EFBC}") = "ConsoleApplication", "ConsoleApplication\ConsoleApplication.csproj", "{EEE5A8BB-9390-4E39-A2EC-624D53EBB268}"
EndProject
Global
	GlobalSection(SolutionConfigurationPlatforms) = preSolution
		Debug|Any CPU = Debug|Any CPU
		Release|Any CPU = Release|Any CPU
	EndGlobalSection
	GlobalSection(ProjectConfigurationPlatforms) = postSolution
		{8AFA6D53-4378-44C4-ACB2-56399F2098C8}.Debug|Any CPU.ActiveCfg = Debug|Any CPU
		{8AFA6D53-4378-44C4-ACB2-56399F2098C8}.Debug|Any CPU.Build.0 = Debug|Any CPU
		{8AFA6D53-4378-44C4-ACB2-56399F2098C8}.Release|Any CPU.ActiveCfg = Release|Any CPU
		{8AFA6D53-4378-44C4-ACB2-56399F2098C8}.Release|Any CPU.Build.0 = Release|Any CPU
		{7E8167EA-254D-4D95-B7E8-53AE98FC9CB3}.Debug|Any CPU.ActiveCfg = Debug|Any CPU
		{7E8167EA-254D-4D95-B7E8-53AE98FC9CB3}.Debug|Any CPU.Build.0 = Debug|Any CPU
		{7E8167EA-254D-4D95-B7E8-53AE98FC9CB3}.Release|Any CPU.ActiveCfg = Release|Any CPU
		{7E8167EA-254D-4D95-B7E8-53AE98FC9CB3}.Release|Any CPU.Build.0 = Release|Any CPU
		{EEE5A8BB-9390-4E39-A2EC-624D53EBB268}.Debug|Any CPU.ActiveCfg = Debug|Any CPU
		{EEE5A8BB-9390-4E39-A2EC-624D53EBB268}.Debug|Any CPU.Build.0 = Debug|Any CPU
		{EEE5A8BB-9390-4E39-A2EC-624D53EBB268}.Release|Any CPU.ActiveCfg = Release|Any CPU
		{EEE5A8BB-9390-4E39-A2EC-624D53EBB268}.Release|Any CPU.Build.0 = Release|Any CPU
	EndGlobalSection
	GlobalSection(SolutionProperties) = preSolution
		HideSolutionNode = FALSE
	EndGlobalSection
EndGlobal
